
Microsoft Visual Studio Solution File, Format Version 12.00
# Visual Studio Version 17
VisualStudioVersion = 17.5.002.0
MinimumVisualStudioVersion = 10.0.40219.1
Project("{9A19103F-16F7-4668-BE54-9A1E7A4F7556}") = "backend", "backend\backend.csproj", "{7E4E47FB-9CDA-43D4-B47E-B254215C4A2D}"
EndProject
Global
	GlobalSection(SolutionConfigurationPlatforms) = preSolution
		Debug|Any CPU = Debug|Any CPU
		Release|Any CPU = Release|Any CPU
	EndGlobalSection
	GlobalSection(ProjectConfigurationPlatforms) = postSolution
		{7E4E47FB-9CDA-43D4-B47E-B254215C4A2D}.Debug|Any CPU.ActiveCfg = Debug|Any CPU
		{7E4E47FB-9CDA-43D4-B47E-B254215C4A2D}.Debug|Any CPU.Build.0 = Debug|Any CPU
		{7E4E47FB-9CDA-43D4-B47E-B254215C4A2D}.Release|Any CPU.ActiveCfg = Release|Any CPU
		{7E4E47FB-9CDA-43D4-B47E-B254215C4A2D}.Release|Any CPU.Build.0 = Release|Any CPU
	EndGlobalSection
	GlobalSection(SolutionProperties) = preSolution
		HideSolutionNode = FALSE
	EndGlobalSection
	GlobalSection(ExtensibilityGlobals) = postSolution
		SolutionGuid = {C330AAA1-32AC-4959-A275-9E8D20581C5A}
	EndGlobalSection
EndGlobal
